
Microsoft Visual Studio Solution File, Format Version 12.00
# Visual Studio Version 17
VisualStudioVersion = 17.3.32901.215
MinimumVisualStudioVersion = 10.0.40219.1
Project("{FAE04EC0-301F-11D3-BF4B-00C04F79EFBC}") = "BullRage.Api", "BullRage.Api\BullRage.Api.csproj", "{361C69E3-D581-449D-A50D-03BA771B3090}"
EndProject
Project("{FAE04EC0-301F-11D3-BF4B-00C04F79EFBC}") = "BullRage.Models", "BullRage.Models\BullRage.Models.csproj", "{0AE81442-6C60-4100-93A4-6A7748E3CBC1}"
EndProject
Project("{9092AA53-FB77-4645-B42D-1CCCA6BD08BD}") = "BullRage.App", "BullRage.App\BullRage.App.njsproj", "{0EB26D2F-C604-46DA-8200-92C07EBDB758}"
EndProject
Global
	GlobalSection(SolutionConfigurationPlatforms) = preSolution
		Debug|Any CPU = Debug|Any CPU
		Release|Any CPU = Release|Any CPU
	EndGlobalSection
	GlobalSection(ProjectConfigurationPlatforms) = postSolution
		{361C69E3-D581-449D-A50D-03BA771B3090}.Debug|Any CPU.ActiveCfg = Debug|Any CPU
		{361C69E3-D581-449D-A50D-03BA771B3090}.Debug|Any CPU.Build.0 = Debug|Any CPU
		{361C69E3-D581-449D-A50D-03BA771B3090}.Release|Any CPU.ActiveCfg = Release|Any CPU
		{361C69E3-D581-449D-A50D-03BA771B3090}.Release|Any CPU.Build.0 = Release|Any CPU
		{0AE81442-6C60-4100-93A4-6A7748E3CBC1}.Debug|Any CPU.ActiveCfg = Debug|Any CPU
		{0AE81442-6C60-4100-93A4-6A7748E3CBC1}.Debug|Any CPU.Build.0 = Debug|Any CPU
		{0AE81442-6C60-4100-93A4-6A7748E3CBC1}.Release|Any CPU.ActiveCfg = Release|Any CPU
		{0AE81442-6C60-4100-93A4-6A7748E3CBC1}.Release|Any CPU.Build.0 = Release|Any CPU
		{0EB26D2F-C604-46DA-8200-92C07EBDB758}.Debug|Any CPU.ActiveCfg = Debug|Any CPU
		{0EB26D2F-C604-46DA-8200-92C07EBDB758}.Debug|Any CPU.Build.0 = Debug|Any CPU
		{0EB26D2F-C604-46DA-8200-92C07EBDB758}.Release|Any CPU.ActiveCfg = Release|Any CPU
		{0EB26D2F-C604-46DA-8200-92C07EBDB758}.Release|Any CPU.Build.0 = Release|Any CPU
	EndGlobalSection
	GlobalSection(SolutionProperties) = preSolution
		HideSolutionNode = FALSE
	EndGlobalSection
	GlobalSection(ExtensibilityGlobals) = postSolution
		SolutionGuid = {7C6DE036-D46C-4F3C-AF78-ACE74C79EE07}
	EndGlobalSection
EndGlobal
